
Microsoft Visual Studio Solution File, Format Version 12.00
# Visual Studio Version 16
VisualStudioVersion = 16.0.30611.23
MinimumVisualStudioVersion = 10.0.40219.1
Project("{FAE04EC0-301F-11D3-BF4B-00C04F79EFBC}") = "aula7", "aula7.csproj", "{E96D8385-691D-4E39-961D-77377C7179EC}"
EndProject
Global
	GlobalSection(SolutionConfigurationPlatforms) = preSolution
		Debug|Any CPU = Debug|Any CPU
		Release|Any CPU = Release|Any CPU
	EndGlobalSection
	GlobalSection(ProjectConfigurationPlatforms) = postSolution
		{E96D8385-691D-4E39-961D-77377C7179EC}.Debug|Any CPU.ActiveCfg = Debug|Any CPU
		{E96D8385-691D-4E39-961D-77377C7179EC}.Debug|Any CPU.Build.0 = Debug|Any CPU
		{E96D8385-691D-4E39-961D-77377C7179EC}.Release|Any CPU.ActiveCfg = Release|Any CPU
		{E96D8385-691D-4E39-961D-77377C7179EC}.Release|Any CPU.Build.0 = Release|Any CPU
	EndGlobalSection
	GlobalSection(SolutionProperties) = preSolution
		HideSolutionNode = FALSE
	EndGlobalSection
	GlobalSection(ExtensibilityGlobals) = postSolution
		SolutionGuid = {856DDE78-808C-45AB-987A-166AD8F9ED46}
	EndGlobalSection
EndGlobal
