
Microsoft Visual Studio Solution File, Format Version 12.00
# Visual Studio Version 16
VisualStudioVersion = 16.0.30611.23
MinimumVisualStudioVersion = 10.0.40219.1
Project("{FAE04EC0-301F-11D3-BF4B-00C04F79EFBC}") = "aula6", "aula6.csproj", "{ABD509FA-119A-4BDD-8095-C4463BF34495}"
EndProject
Global
	GlobalSection(SolutionConfigurationPlatforms) = preSolution
		Debug|Any CPU = Debug|Any CPU
		Release|Any CPU = Release|Any CPU
	EndGlobalSection
	GlobalSection(ProjectConfigurationPlatforms) = postSolution
		{ABD509FA-119A-4BDD-8095-C4463BF34495}.Debug|Any CPU.ActiveCfg = Debug|Any CPU
		{ABD509FA-119A-4BDD-8095-C4463BF34495}.Debug|Any CPU.Build.0 = Debug|Any CPU
		{ABD509FA-119A-4BDD-8095-C4463BF34495}.Release|Any CPU.ActiveCfg = Release|Any CPU
		{ABD509FA-119A-4BDD-8095-C4463BF34495}.Release|Any CPU.Build.0 = Release|Any CPU
	EndGlobalSection
	GlobalSection(SolutionProperties) = preSolution
		HideSolutionNode = FALSE
	EndGlobalSection
	GlobalSection(ExtensibilityGlobals) = postSolution
		SolutionGuid = {85789B58-6996-4826-931D-D4A88D224E15}
	EndGlobalSection
EndGlobal
